// !$*UTF8*$!
{
	archiveVersion = 1;
	classes = {
	};
	objectVersion = 50;
	objects = {

/* Begin PBXBuildFile section */
		2C14FA5F2258EB5B009DD50C /* HotdogClassifier.mlmodel in Sources */ = {isa = PBXBuildFile; fileRef = 2C14FA5E2258EB5B009DD50C /* HotdogClassifier.mlmodel */; };
		2C6852742258C2CB00BC81EA /* AppDelegate.swift in Sources */ = {isa = PBXBuildFile; fileRef = 2C6852732258C2CB00BC81EA /* AppDelegate.swift */; };
		2C6852762258C2CB00BC81EA /* ViewController.swift in Sources */ = {isa = PBXBuildFile; fileRef = 2C6852752258C2CB00BC81EA /* ViewController.swift */; };
		2C6852792258C2CB00BC81EA /* Main.storyboard in Resources */ = {isa = PBXBuildFile; fileRef = 2C6852772258C2CB00BC81EA /* Main.storyboard */; };
		2C68527B2258C2CD00BC81EA /* Assets.xcassets in Resources */ = {isa = PBXBuildFile; fileRef = 2C68527A2258C2CD00BC81EA /* Assets.xcassets */; };
		2C68527E2258C2CE00BC81EA /* LaunchScreen.storyboard in Resources */ = {isa = PBXBuildFile; fileRef = 2C68527C2258C2CE00BC81EA /* LaunchScreen.storyboard */; };
/* End PBXBuildFile section */

/* Begin PBXFileReference section */
		2C14FA5E2258EB5B009DD50C /* HotdogClassifier.mlmodel */ = {isa = PBXFileReference; lastKnownFileType = file.mlmodel; path = HotdogClassifier.mlmodel; sourceTree = "<group>"; };
		2C6852702258C2CB00BC81EA /* Hotdog-Not-Hotdog.app */ = {isa = PBXFileReference; explicitFileType = wrapper.application; includeInIndex = 0; path = "Hotdog-Not-Hotdog.app"; sourceTree = BUILT_PRODUCTS_DIR; };
		2C6852732258C2CB00BC81EA /* AppDelegate.swift */ = {isa = PBXFileReference; lastKnownFileType = sourcecode.swift; path = AppDelegate.swift; sourceTree = "<group>"; };
		2C6852752258C2CB00BC81EA /* ViewController.swift */ = {isa = PBXFileReference; lastKnownFileType = sourcecode.swift; path = ViewController.swift; sourceTree = "<group>"; };
		2C6852782258C2CB00BC81EA /* Base */ = {isa = PBXFileReference; lastKnownFileType = file.storyboard; name = Base; path = Base.lproj/Main.storyboard; sourceTree = "<group>"; };
		2C68527A2258C2CD00BC81EA /* Assets.xcassets */ = {isa = PBXFileReference; lastKnownFileType = folder.assetcatalog; path = Assets.xcassets; sourceTree = "<group>"; };
		2C68527D2258C2CE00BC81EA /* Base */ = {isa = PBXFileReference; lastKnownFileType = file.storyboard; name = Base; path = Base.lproj/LaunchScreen.storyboard; sourceTree = "<group>"; };
		2C68527F2258C2CE00BC81EA /* Info.plist */ = {isa = PBXFileReference; lastKnownFileType = text.plist.xml; path = Info.plist; sourceTree = "<group>"; };
/* End PBXFileReference section */

/* Begin PBXFrameworksBuildPhase section */
		2C68526D2258C2CB00BC81EA /* Frameworks */ = {
			isa = PBXFrameworksBuildPhase;
			buildActionMask = 2147483647;
			files = (
			);
			runOnlyForDeploymentPostprocessing = 0;
		};
/* End PBXFrameworksBuildPhase section */

/* Begin PBXGroup section */
		2C6852672258C2CB00BC81EA = {
			isa = PBXGroup;
			children = (
				2C6852722258C2CB00BC81EA /* Hotdog-Not-Hotdog */,
				2C6852712258C2CB00BC81EA /* Products */,
			);
			sourceTree = "<group>";
		};
		2C6852712258C2CB00BC81EA /* Products */ = {
			isa = PBXGroup;
			children = (
				2C6852702258C2CB00BC81EA /* Hotdog-Not-Hotdog.app */,
			);
			name = Products;
			sourceTree = "<group>";
		};
		2C6852722258C2CB00BC81EA /* Hotdog-Not-Hotdog */ = {
			isa = PBXGroup;
			children = (
				2C14FA5E2258EB5B009DD50C /* HotdogClassifier.mlmodel */,
				2C6852732258C2CB00BC81EA /* AppDelegate.swift */,
				2C6852752258C2CB00BC81EA /* ViewController.swift */,
				2C6852772258C2CB00BC81EA /* Main.storyboard */,
				2C68527A2258C2CD00BC81EA /* Assets.xcassets */,
				2C68527C2258C2CE00BC81EA /* LaunchScreen.storyboard */,
				2C68527F2258C2CE00BC81EA /* Info.plist */,
			);
			path = "Hotdog-Not-Hotdog";
			sourceTree = "<group>";
		};
/* End PBXGroup section */

/* Begin PBXNativeTarget section */
		2C68526F2258C2CB00BC81EA /* Hotdog-Not-Hotdog */ = {
			isa = PBXNativeTarget;
			buildConfigurationList = 2C6852822258C2CE00BC81EA /* Build configuration list for PBXNativeTarget "Hotdog-Not-Hotdog" */;
			buildPhases = (
				2C68526C2258C2CB00BC81EA /* Sources */,
				2C68526D2258C2CB00BC81EA /* Frameworks */,
				2C68526E2258C2CB00BC81EA /* Resources */,
			);
			buildRules = (
			);
			dependencies = (
			);
			name = "Hotdog-Not-Hotdog";
			productName = "Hotdog-Not-Hotdog";
			productReference = 2C6852702258C2CB00BC81EA /* Hotdog-Not-Hotdog.app */;
			productType = "com.apple.product-type.application";
		};
/* End PBXNativeTarget section */

/* Begin PBXProject section */
		2C6852682258C2CB00BC81EA /* Project object */ = {
			isa = PBXProject;
			attributes = {
				LastSwiftUpdateCheck = 1010;
				LastUpgradeCheck = 1010;
				ORGANIZATIONNAME = "Hadia Jalil";
				TargetAttributes = {
					2C68526F2258C2CB00BC81EA = {
						CreatedOnToolsVersion = 10.1;
					};
				};
			};
			buildConfigurationList = 2C68526B2258C2CB00BC81EA /* Build configuration list for PBXProject "Hotdog-Not-Hotdog" */;
			compatibilityVersion = "Xcode 9.3";
			developmentRegion = en;
			hasScannedForEncodings = 0;
			knownRegions = (
				en,
				Base,
			);
			mainGroup = 2C6852672258C2CB00BC81EA;
			productRefGroup = 2C6852712258C2CB00BC81EA /* Products */;
			projectDirPath = "";
			projectRoot = "";
			targets = (
				2C68526F2258C2CB00BC81EA /* Hotdog-Not-Hotdog */,
			);
		};
/* End PBXProject section */

/* Begin PBXResourcesBuildPhase section */
		2C68526E2258C2CB00BC81EA /* Resources */ = {
			isa = PBXResourcesBuildPhase;
			buildActionMask = 2147483647;
			files = (
				2C68527E2258C2CE00BC81EA /* LaunchScreen.storyboard in Resources */,
				2C68527B2258C2CD00BC81EA /* Assets.xcassets in Resources */,
				2C6852792258C2CB00BC81EA /* Main.storyboard in Resources */,
			);
			runOnlyForDeploymentPostprocessing = 0;
		};
/* End PBXResourcesBuildPhase section */

/* Begin PBXSourcesBuildPhase section */
		2C68526C2258C2CB00BC81EA /* Sources */ = {
			isa = PBXSourcesBuildPhase;
			buildActionMask = 2147483647;
			files = (
				2C6852762258C2CB00BC81EA /* ViewController.swift in Sources */,
				2C14FA5F2258EB5B009DD50C /* HotdogClassifier.mlmodel in Sources */,
				2C6852742258C2CB00BC81EA /* AppDelegate.swift in Sources */,
			);
			runOnlyForDeploymentPostprocessing = 0;
		};
/* End PBXSourcesBuildPhase section */

/* Begin PBXVariantGroup section */
		2C6852772258C2CB00BC81EA /* Main.storyboard */ = {
			isa = PBXVariantGroup;
			children = (
				2C6852782258C2CB00BC81EA /* Base */,
			);
			name = Main.storyboard;
			sourceTree = "<group>";
		};
		2C68527C2258C2CE00BC81EA /* LaunchScreen.storyboard */ = {
			isa = PBXVariantGroup;
			children = (
				2C68527D2258C2CE00BC81EA /* Base */,
			);
			name = LaunchScreen.storyboard;
			sourceTree = "<group>";
		};
/* End PBXVariantGroup section */

/* Begin XCBuildConfiguration section */
		2C6852802258C2CE00BC81EA /* Debug */ = {
			isa = XCBuildConfiguration;
			buildSettings = {
				ALWAYS_SEARCH_USER_PATHS = NO;
				CLANG_ANALYZER_NONNULL = YES;
				CLANG_ANALYZER_NUMBER_OBJECT_CONVERSION = YES_AGGRESSIVE;
				CLANG_CXX_LANGUAGE_STANDARD = "gnu++14";
				CLANG_CXX_LIBRARY = "libc++";
				CLANG_ENABLE_MODULES = YES;
				CLANG_ENABLE_OBJC_ARC = YES;
				CLANG_ENABLE_OBJC_WEAK = YES;
				CLANG_WARN_BLOCK_CAPTURE_AUTORELEASING = YES;
				CLANG_WARN_BOOL_CONVERSION = YES;
				CLANG_WARN_COMMA = YES;
				CLANG_WARN_CONSTANT_CONVERSION = YES;
				CLANG_WARN_DEPRECATED_OBJC_IMPLEMENTATIONS = YES;
				CLANG_WARN_DIRECT_OBJC_ISA_USAGE = YES_ERROR;
				CLANG_WARN_DOCUMENTATION_COMMENTS = YES;
				CLANG_WARN_EMPTY_BODY = YES;
				CLANG_WARN_ENUM_CONVERSION = YES;
				CLANG_WARN_INFINITE_RECURSION = YES;
				CLANG_WARN_INT_CONVERSION = YES;
				CLANG_WARN_NON_LITERAL_NULL_CONVERSION = YES;
				CLANG_WARN_OBJC_IMPLICIT_RETAIN_SELF = YES;
				CLANG_WARN_OBJC_LITERAL_CONVERSION = YES;
				CLANG_WARN_OBJC_ROOT_CLASS = YES_ERROR;
				CLANG_WARN_RANGE_LOOP_ANALYSIS = YES;
				CLANG_WARN_STRICT_PROTOTYPES = YES;
				CLANG_WARN_SUSPICIOUS_MOVE = YES;
				CLANG_WARN_UNGUARDED_AVAILABILITY = YES_AGGRESSIVE;
				CLANG_WARN_UNREACHABLE_CODE = YES;
				CLANG_WARN__DUPLICATE_METHOD_MATCH = YES;
				CODE_SIGN_IDENTITY = "iPhone Developer";
				COPY_PHASE_STRIP = NO;
				DEBUG_INFORMATION_FORMAT = dwarf;
				ENABLE_STRICT_OBJC_MSGSEND = YES;
				ENABLE_TESTABILITY = YES;
				GCC_C_LANGUAGE_STANDARD = gnu11;
				GCC_DYNAMIC_NO_PIC = NO;
				GCC_NO_COMMON_BLOCKS = YES;
				GCC_OPTIMIZATION_LEVEL = 0;
				GCC_PREPROCESSOR_DEFINITIONS = (
					"DEBUG=1",
					"$(inherited)",
				);
				GCC_WARN_64_TO_32_BIT_CONVERSION = YES;
				GCC_WARN_ABOUT_RETURN_TYPE = YES_ERROR;
				GCC_WARN_UNDECLARED_SELECTOR = YES;
				GCC_WARN_UNINITIALIZED_AUTOS = YES_AGGRESSIVE;
				GCC_WARN_UNUSED_FUNCTION = YES;
				GCC_WARN_UNUSED_VARIABLE = YES;
				IPHONEOS_DEPLOYMENT_TARGET = 12.1;
				MTL_ENABLE_DEBUG_INFO = INCLUDE_SOURCE;
				MTL_FAST_MATH = YES;
				ONLY_ACTIVE_ARCH = YES;
				SDKROOT = iphoneos;
				SWIFT_ACTIVE_COMPILATION_CONDITIONS = DEBUG;
				SWIFT_OPTIMIZATION_LEVEL = "-Onone";
			};
			name = Debug;
		};
		2C6852812258C2CE00BC81EA /* Release */ = {
			isa = XCBuildConfiguration;
			buildSettings = {
				ALWAYS_SEARCH_USER_PATHS = NO;
				CLANG_ANALYZER_NONNULL = YES;
				CLANG_ANALYZER_NUMBER_OBJECT_CONVERSION = YES_AGGRESSIVE;
				CLANG_CXX_LANGUAGE_STANDARD = "gnu++14";
				CLANG_CXX_LIBRARY = "libc++";
				CLANG_ENABLE_MODULES = YES;
				CLANG_ENABLE_OBJC_ARC = YES;
				CLANG_ENABLE_OBJC_WEAK = YES;
				CLANG_WARN_BLOCK_CAPTURE_AUTORELEASING = YES;
				CLANG_WARN_BOOL_CONVERSION = YES;
				CLANG_WARN_COMMA = YES;
				CLANG_WARN_CONSTANT_CONVERSION = YES;
				CLANG_WARN_DEPRECATED_OBJC_IMPLEMENTATIONS = YES;
				CLANG_WARN_DIRECT_OBJC_ISA_USAGE = YES_ERROR;
				CLANG_WARN_DOCUMENTATION_COMMENTS = YES;
				CLANG_WARN_EMPTY_BODY = YES;
				CLANG_WARN_ENUM_CONVERSION = YES;
				CLANG_WARN_INFINITE_RECURSION = YES;
				CLANG_WARN_INT_CONVERSION = YES;
				CLANG_WARN_NON_LITERAL_NULL_CONVERSION = YES;
				CLANG_WARN_OBJC_IMPLICIT_RETAIN_SELF = YES;
				CLANG_WARN_OBJC_LITERAL_CONVERSION = YES;
				CLANG_WARN_OBJC_ROOT_CLASS = YES_ERROR;
				CLANG_WARN_RANGE_LOOP_ANALYSIS = YES;
				CLANG_WARN_STRICT_PROTOTYPES = YES;
				CLANG_WARN_SUSPICIOUS_MOVE = YES;
				CLANG_WARN_UNGUARDED_AVAILABILITY = YES_AGGRESSIVE;
				CLANG_WARN_UNREACHABLE_CODE = YES;
				CLANG_WARN__DUPLICATE_METHOD_MATCH = YES;
				CODE_SIGN_IDENTITY = "iPhone Developer";
				COPY_PHASE_STRIP = NO;
				DEBUG_INFORMATION_FORMAT = "dwarf-with-dsym";
				ENABLE_NS_ASSERTIONS = NO;
				ENABLE_STRICT_OBJC_MSGSEND = YES;
				GCC_C_LANGUAGE_STANDARD = gnu11;
				GCC_NO_COMMON_BLOCKS = YES;
				GCC_WARN_64_TO_32_BIT_CONVERSION = YES;
				GCC_WARN_ABOUT_RETURN_TYPE = YES_ERROR;
				GCC_WARN_UNDECLARED_SELECTOR = YES;
				GCC_WARN_UNINITIALIZED_AUTOS = YES_AGGRESSIVE;
				GCC_WARN_UNUSED_FUNCTION = YES;
				GCC_WARN_UNUSED_VARIABLE = YES;
				IPHONEOS_DEPLOYMENT_TARGET = 12.1;
				MTL_ENABLE_DEBUG_INFO = NO;
				MTL_FAST_MATH = YES;
				SDKROOT = iphoneos;
				SWIFT_COMPILATION_MODE = wholemodule;
				SWIFT_OPTIMIZATION_LEVEL = "-O";
				VALIDATE_PRODUCT = YES;
			};
			name = Release;
		};
		2C6852832258C2CE00BC81EA /* Debug */ = {
			isa = XCBuildConfiguration;
			buildSettings = {
				ASSETCATALOG_COMPILER_APPICON_NAME = AppIcon;
				CODE_SIGN_STYLE = Automatic;
				DEVELOPMENT_TEAM = M435F2CBG3;
				INFOPLIST_FILE = "Hotdog-Not-Hotdog/Info.plist";
				LD_RUNPATH_SEARCH_PATHS = (
					"$(inherited)",
					"@executable_path/Frameworks",
				);
				PRODUCT_BUNDLE_IDENTIFIER = "com.theswiftgirl.Hotdog-Not-Hotdog";
				PRODUCT_NAME = "$(TARGET_NAME)";
				SWIFT_VERSION = 4.2;
				TARGETED_DEVICE_FAMILY = 1;
			};
			name = Debug;
		};
		2C6852842258C2CE00BC81EA /* Release */ = {
			isa = XCBuildConfiguration;
			buildSettings = {
				ASSETCATALOG_COMPILER_APPICON_NAME = AppIcon;
				CODE_SIGN_STYLE = Automatic;
				DEVELOPMENT_TEAM = M435F2CBG3;
				INFOPLIST_FILE = "Hotdog-Not-Hotdog/Info.plist";
				LD_RUNPATH_SEARCH_PATHS = (
					"$(inherited)",
					"@executable_path/Frameworks",
				);
				PRODUCT_BUNDLE_IDENTIFIER = "com.theswiftgirl.Hotdog-Not-Hotdog";
				PRODUCT_NAME = "$(TARGET_NAME)";
				SWIFT_VERSION = 4.2;
				TARGETED_DEVICE_FAMILY = 1;
			};
			name = Release;
		};
/* End XCBuildConfiguration section */

/* Begin XCConfigurationList section */
		2C68526B2258C2CB00BC81EA /* Build configuration list for PBXProject "Hotdog-Not-Hotdog" */ = {
			isa = XCConfigurationList;
			buildConfigurations = (
				2C6852802258C2CE00BC81EA /* Debug */,
				2C6852812258C2CE00BC81EA /* Release */,
			);
			defaultConfigurationIsVisible = 0;
			defaultConfigurationName = Release;
		};
		2C6852822258C2CE00BC81EA /* Build configuration list for PBXNativeTarget "Hotdog-Not-Hotdog" */ = {
			isa = XCConfigurationList;
			buildConfigurations = (
				2C6852832258C2CE00BC81EA /* Debug */,
				2C6852842258C2CE00BC81EA /* Release */,
			);
			defaultConfigurationIsVisible = 0;
			defaultConfigurationName = Release;
		};
/* End XCConfigurationList section */
	};
	rootObject = 2C6852682258C2CB00BC81EA /* Project object */;
}
